
Microsoft Visual Studio Solution File, Format Version 12.00
# Visual Studio 15
VisualStudioVersion = 15.0.28307.705
MinimumVisualStudioVersion = 10.0.40219.1
Project("{FAE04EC0-301F-11D3-BF4B-00C04F79EFBC}") = "WebApiService", "WebApiService\WebApiService.csproj", "{6B8B0511-CB35-4FC1-92A3-77A255F86C66}"
EndProject
Project("{FAE04EC0-301F-11D3-BF4B-00C04F79EFBC}") = "WebApiService.Tests", "WebApiService.Tests\WebApiService.Tests.csproj", "{EAAFBD05-2500-4973-8184-541DD67DD804}"
EndProject
Project("{FAE04EC0-301F-11D3-BF4B-00C04F79EFBC}") = "ConsumeWebApi", "ConsumeWebApi\ConsumeWebApi.csproj", "{8296EED5-DBE1-4B3E-8695-8F1042F711EC}"
EndProject
Global
	GlobalSection(SolutionConfigurationPlatforms) = preSolution
		Debug|Any CPU = Debug|Any CPU
		Release|Any CPU = Release|Any CPU
	EndGlobalSection
	GlobalSection(ProjectConfigurationPlatforms) = postSolution
		{6B8B0511-CB35-4FC1-92A3-77A255F86C66}.Debug|Any CPU.ActiveCfg = Debug|Any CPU
		{6B8B0511-CB35-4FC1-92A3-77A255F86C66}.Debug|Any CPU.Build.0 = Debug|Any CPU
		{6B8B0511-CB35-4FC1-92A3-77A255F86C66}.Release|Any CPU.ActiveCfg = Release|Any CPU
		{6B8B0511-CB35-4FC1-92A3-77A255F86C66}.Release|Any CPU.Build.0 = Release|Any CPU
		{EAAFBD05-2500-4973-8184-541DD67DD804}.Debug|Any CPU.ActiveCfg = Debug|Any CPU
		{EAAFBD05-2500-4973-8184-541DD67DD804}.Debug|Any CPU.Build.0 = Debug|Any CPU
		{EAAFBD05-2500-4973-8184-541DD67DD804}.Release|Any CPU.ActiveCfg = Release|Any CPU
		{EAAFBD05-2500-4973-8184-541DD67DD804}.Release|Any CPU.Build.0 = Release|Any CPU
		{8296EED5-DBE1-4B3E-8695-8F1042F711EC}.Debug|Any CPU.ActiveCfg = Debug|Any CPU
		{8296EED5-DBE1-4B3E-8695-8F1042F711EC}.Debug|Any CPU.Build.0 = Debug|Any CPU
		{8296EED5-DBE1-4B3E-8695-8F1042F711EC}.Release|Any CPU.ActiveCfg = Release|Any CPU
		{8296EED5-DBE1-4B3E-8695-8F1042F711EC}.Release|Any CPU.Build.0 = Release|Any CPU
	EndGlobalSection
	GlobalSection(SolutionProperties) = preSolution
		HideSolutionNode = FALSE
	EndGlobalSection
	GlobalSection(ExtensibilityGlobals) = postSolution
		SolutionGuid = {F69D5AF7-85FC-4EC1-9A9B-5837A5D68778}
	EndGlobalSection
EndGlobal
